
Microsoft Visual Studio Solution File, Format Version 12.00
# Visual Studio Version 16
VisualStudioVersion = 16.0.30128.74
MinimumVisualStudioVersion = 10.0.40219.1
Project("{FAE04EC0-301F-11D3-BF4B-00C04F79EFBC}") = "TETDataService", "TETDataService\TETDataService.csproj", "{13ADD9B8-D79D-4E0A-ADFC-03970BA9F522}"
EndProject
Global
	GlobalSection(SolutionConfigurationPlatforms) = preSolution
		Debug|Any CPU = Debug|Any CPU
		Release|Any CPU = Release|Any CPU
	EndGlobalSection
	GlobalSection(ProjectConfigurationPlatforms) = postSolution
		{13ADD9B8-D79D-4E0A-ADFC-03970BA9F522}.Debug|Any CPU.ActiveCfg = Debug|Any CPU
		{13ADD9B8-D79D-4E0A-ADFC-03970BA9F522}.Debug|Any CPU.Build.0 = Debug|Any CPU
		{13ADD9B8-D79D-4E0A-ADFC-03970BA9F522}.Release|Any CPU.ActiveCfg = Release|Any CPU
		{13ADD9B8-D79D-4E0A-ADFC-03970BA9F522}.Release|Any CPU.Build.0 = Release|Any CPU
	EndGlobalSection
	GlobalSection(SolutionProperties) = preSolution
		HideSolutionNode = FALSE
	EndGlobalSection
	GlobalSection(ExtensibilityGlobals) = postSolution
		SolutionGuid = {27023D73-AA81-4244-8BC1-777D1124B6D4}
	EndGlobalSection
EndGlobal
